{
  "object": {
    "pins": [
      {
        "package": "Kingfisher",
        "repositoryURL": "git@github.com:onevcat/Kingfisher.git",
        "state": {
          "branch": null,
          "revision": "2f9d171f17869768f6dbec1d039b851e2503af35",
          "version": "5.12.0"
        }
      },
      {
        "package": "Observable",
        "repositoryURL": "git@github.com:roberthein/Observable.git",
        "state": {
          "branch": null,
          "revision": "b8e87082d65f3f322f35973384e23590031f078c",
          "version": "1.6.2"
        }
      },
      {
        "package": "Swinject",
        "repositoryURL": "git@github.com:Swinject/Swinject.git",
        "state": {
          "branch": null,
          "revision": "8a76d2c74bafbb455763487cc6a08e91bad1f78b",
          "version": "2.7.1"
        }
      }
    ]
  },
  "version": 1
}
